
Microsoft Visual Studio Solution File, Format Version 12.00
# Visual Studio Version 17
VisualStudioVersion = 17.3.32922.545
MinimumVisualStudioVersion = 10.0.40219.1
Project("{FAE04EC0-301F-11D3-BF4B-00C04F79EFBC}") = "InputDataForVolumePlanning4.8", "InputDataForVolumePlanning4.8\InputDataForVolumePlanning4.8.csproj", "{9771D898-8851-459A-AEB5-B8F2E0FE1E71}"
EndProject
Global
	GlobalSection(SolutionConfigurationPlatforms) = preSolution
		Debug|Any CPU = Debug|Any CPU
		Release|Any CPU = Release|Any CPU
	EndGlobalSection
	GlobalSection(ProjectConfigurationPlatforms) = postSolution
		{9771D898-8851-459A-AEB5-B8F2E0FE1E71}.Debug|Any CPU.ActiveCfg = Debug|Any CPU
		{9771D898-8851-459A-AEB5-B8F2E0FE1E71}.Debug|Any CPU.Build.0 = Debug|Any CPU
		{9771D898-8851-459A-AEB5-B8F2E0FE1E71}.Release|Any CPU.ActiveCfg = Release|Any CPU
		{9771D898-8851-459A-AEB5-B8F2E0FE1E71}.Release|Any CPU.Build.0 = Release|Any CPU
	EndGlobalSection
	GlobalSection(SolutionProperties) = preSolution
		HideSolutionNode = FALSE
	EndGlobalSection
	GlobalSection(ExtensibilityGlobals) = postSolution
		SolutionGuid = {88398B3D-8FD4-4700-A5E4-3920E638BE18}
	EndGlobalSection
EndGlobal
